
Microsoft Visual Studio Solution File, Format Version 12.00
# Visual Studio Version 17
VisualStudioVersion = 17.6.33801.468
MinimumVisualStudioVersion = 10.0.40219.1
Project("{FAE04EC0-301F-11D3-BF4B-00C04F79EFBC}") = "Liczby parzyste 2", "Liczby parzyste 2\Liczby parzyste 2.csproj", "{8C697D58-EFD4-4A5F-9B33-7F7FF4BD905D}"
EndProject
Global
	GlobalSection(SolutionConfigurationPlatforms) = preSolution
		Debug|Any CPU = Debug|Any CPU
		Release|Any CPU = Release|Any CPU
	EndGlobalSection
	GlobalSection(ProjectConfigurationPlatforms) = postSolution
		{8C697D58-EFD4-4A5F-9B33-7F7FF4BD905D}.Debug|Any CPU.ActiveCfg = Debug|Any CPU
		{8C697D58-EFD4-4A5F-9B33-7F7FF4BD905D}.Debug|Any CPU.Build.0 = Debug|Any CPU
		{8C697D58-EFD4-4A5F-9B33-7F7FF4BD905D}.Release|Any CPU.ActiveCfg = Release|Any CPU
		{8C697D58-EFD4-4A5F-9B33-7F7FF4BD905D}.Release|Any CPU.Build.0 = Release|Any CPU
	EndGlobalSection
	GlobalSection(SolutionProperties) = preSolution
		HideSolutionNode = FALSE
	EndGlobalSection
	GlobalSection(ExtensibilityGlobals) = postSolution
		SolutionGuid = {01DF9D5D-ACAD-4D24-A1DA-5452F3970D6C}
	EndGlobalSection
EndGlobal
